Microsoft Visual Studio Solution File, Format Version 8.00
Project("{8BC9CEB8-8B4A-11D0-8D11-00A0C91BC942}") = "owdcmenu", "owdcmenu.vcproj", "{544F4BDB-D840-45B1-A43A-B2891D06DB4C}"
	ProjectSection(ProjectDependencies) = postProject
	EndProjectSection
EndProject
Global
	GlobalSection(SolutionConfiguration) = preSolution
		Debug = Debug
		Release = Release
	EndGlobalSection
	GlobalSection(ProjectConfiguration) = postSolution
		{544F4BDB-D840-45B1-A43A-B2891D06DB4C}.Debug.ActiveCfg = Debug|Win32
		{544F4BDB-D840-45B1-A43A-B2891D06DB4C}.Debug.Build.0 = Debug|Win32
		{544F4BDB-D840-45B1-A43A-B2891D06DB4C}.Release.ActiveCfg = Release|Win32
		{544F4BDB-D840-45B1-A43A-B2891D06DB4C}.Release.Build.0 = Release|Win32
	EndGlobalSection
	GlobalSection(ExtensibilityGlobals) = postSolution
	EndGlobalSection
	GlobalSection(ExtensibilityAddIns) = postSolution
	EndGlobalSection
EndGlobal
